schema: '2.0'
stages:
  load_data:
    cmd: python3 src/load_data.py
    deps:
    - path: Bitcoin.csv
      hash: md5
      md5: 47c341345413fdc82393ad2f5a64a0e2
      size: 395648297
    - path: src/load_data.py
      hash: md5
      md5: a7764714d798e2d0dbb5f1f13fb04aac
      size: 1966
    outs:
    - path: data/raw/bitcoin_raw.csv
      hash: md5
      md5: b33fc4850ec2d3ff13dd55538e8cbf8b
      size: 503206
  train:
    cmd: python3 src/train.py
    deps:
    - path: data/raw/bitcoin_raw.csv
      hash: md5
      md5: b33fc4850ec2d3ff13dd55538e8cbf8b
      size: 503206
    - path: src/train.py
      hash: md5
      md5: 879c5d61203ddfda8d1fff499f8830cf
      size: 1963
    outs:
    - path: models/model.pkl
      hash: md5
      md5: fa514b98eb2c79d7ad8782218a65256e
      size: 29004878
